
Microsoft Visual Studio Solution File, Format Version 12.00
# Visual Studio 2012
Project("{FAE04EC0-301F-11D3-BF4B-00C04F79EFBC}") = "AgilePairingBacklog", "AgilePairingBacklog\AgilePairingBacklog.csproj", "{04039A18-004F-4EC5-812C-ED8A775C28E1}"
EndProject
Global
	GlobalSection(TeamFoundationVersionControl) = preSolution
		SccNumberOfProjects = 2
		SccEnterpriseProvider = {4CA58AB2-18FA-4F8D-95D4-32DDF27D184C}
		SccTeamFoundationServer = https://tfs.codeplex.com/tfs/tfs06
		SccLocalPath0 = .
		SccProjectUniqueName1 = AgilePairingBacklog\\AgilePairingBacklog.csproj
		SccProjectName1 = AgilePairingBacklog
		SccLocalPath1 = AgilePairingBacklog
	EndGlobalSection
	GlobalSection(SolutionConfigurationPlatforms) = preSolution
		Debug|Any CPU = Debug|Any CPU
		Release|Any CPU = Release|Any CPU
	EndGlobalSection
	GlobalSection(ProjectConfigurationPlatforms) = postSolution
		{04039A18-004F-4EC5-812C-ED8A775C28E1}.Debug|Any CPU.ActiveCfg = Debug|Any CPU
		{04039A18-004F-4EC5-812C-ED8A775C28E1}.Debug|Any CPU.Build.0 = Debug|Any CPU
		{04039A18-004F-4EC5-812C-ED8A775C28E1}.Release|Any CPU.ActiveCfg = Release|Any CPU
		{04039A18-004F-4EC5-812C-ED8A775C28E1}.Release|Any CPU.Build.0 = Release|Any CPU
	EndGlobalSection
	GlobalSection(SolutionProperties) = preSolution
		HideSolutionNode = FALSE
	EndGlobalSection
EndGlobal
